
Microsoft Visual Studio Solution File, Format Version 12.00
# Visual Studio Version 17
VisualStudioVersion = 17.0.31903.59
MinimumVisualStudioVersion = 10.0.40219.1
Project("{FAE04EC0-301F-11D3-BF4B-00C04F79EFBC}") = "Library.Data", "Library.Data\Library.Data.csproj", "{E8BB0A42-3D3B-4702-B300-A65E7CCA0661}"
EndProject
Project("{FAE04EC0-301F-11D3-BF4B-00C04F79EFBC}") = "Library.Api", "Library.Api\Library.Api.csproj", "{3DD569C9-441E-4A23-9B16-D4FAECE53DB3}"
EndProject
Project("{E53339B2-1760-4266-BCC7-CA923CBCF16C}") = "docker-compose", "docker-compose.dcproj", "{C51A1A5B-0A0A-44AA-8AAA-777AAA111AAA}"
EndProject
Global
	GlobalSection(SolutionConfigurationPlatforms) = preSolution
		Debug|Any CPU = Debug|Any CPU
		Debug|x64 = Debug|x64
		Debug|x86 = Debug|x86
		Release|Any CPU = Release|Any CPU
		Release|x64 = Release|x64
		Release|x86 = Release|x86
	EndGlobalSection
	GlobalSection(ProjectConfigurationPlatforms) = postSolution
		{E8BB0A42-3D3B-4702-B300-A65E7CCA0661}.Debug|Any CPU.ActiveCfg = Debug|Any CPU
		{E8BB0A42-3D3B-4702-B300-A65E7CCA0661}.Debug|Any CPU.Build.0 = Debug|Any CPU
		{E8BB0A42-3D3B-4702-B300-A65E7CCA0661}.Debug|x64.ActiveCfg = Debug|Any CPU
		{E8BB0A42-3D3B-4702-B300-A65E7CCA0661}.Debug|x64.Build.0 = Debug|Any CPU
		{E8BB0A42-3D3B-4702-B300-A65E7CCA0661}.Debug|x86.ActiveCfg = Debug|Any CPU
		{E8BB0A42-3D3B-4702-B300-A65E7CCA0661}.Debug|x86.Build.0 = Debug|Any CPU
		{E8BB0A42-3D3B-4702-B300-A65E7CCA0661}.Release|Any CPU.ActiveCfg = Release|Any CPU
		{E8BB0A42-3D3B-4702-B300-A65E7CCA0661}.Release|Any CPU.Build.0 = Release|Any CPU
		{E8BB0A42-3D3B-4702-B300-A65E7CCA0661}.Release|x64.ActiveCfg = Release|Any CPU
		{E8BB0A42-3D3B-4702-B300-A65E7CCA0661}.Release|x64.Build.0 = Release|Any CPU
		{E8BB0A42-3D3B-4702-B300-A65E7CCA0661}.Release|x86.ActiveCfg = Release|Any CPU
		{E8BB0A42-3D3B-4702-B300-A65E7CCA0661}.Release|x86.Build.0 = Release|Any CPU
		{3DD569C9-441E-4A23-9B16-D4FAECE53DB3}.Debug|Any CPU.ActiveCfg = Debug|Any CPU
		{3DD569C9-441E-4A23-9B16-D4FAECE53DB3}.Debug|Any CPU.Build.0 = Debug|Any CPU
		{3DD569C9-441E-4A23-9B16-D4FAECE53DB3}.Debug|x64.ActiveCfg = Debug|Any CPU
		{3DD569C9-441E-4A23-9B16-D4FAECE53DB3}.Debug|x64.Build.0 = Debug|Any CPU
		{3DD569C9-441E-4A23-9B16-D4FAECE53DB3}.Debug|x86.ActiveCfg = Debug|Any CPU
		{3DD569C9-441E-4A23-9B16-D4FAECE53DB3}.Debug|x86.Build.0 = Debug|Any CPU
		{3DD569C9-441E-4A23-9B16-D4FAECE53DB3}.Release|Any CPU.ActiveCfg = Release|Any CPU
		{3DD569C9-441E-4A23-9B16-D4FAECE53DB3}.Release|Any CPU.Build.0 = Release|Any CPU
		{3DD569C9-441E-4A23-9B16-D4FAECE53DB3}.Release|x64.ActiveCfg = Release|Any CPU
		{3DD569C9-441E-4A23-9B16-D4FAECE53DB3}.Release|x64.Build.0 = Release|Any CPU
		{3DD569C9-441E-4A23-9B16-D4FAECE53DB3}.Release|x86.ActiveCfg = Release|Any CPU
		{3DD569C9-441E-4A23-9B16-D4FAECE53DB3}.Release|x86.Build.0 = Release|Any CPU
		{C51A1A5B-0A0A-44AA-8AAA-777AAA111AAA}.Debug|Any CPU.ActiveCfg = Debug|Any CPU
		{C51A1A5B-0A0A-44AA-8AAA-777AAA111AAA}.Debug|x64.ActiveCfg = Debug|Any CPU
		{C51A1A5B-0A0A-44AA-8AAA-777AAA111AAA}.Debug|x86.ActiveCfg = Debug|Any CPU
		{C51A1A5B-0A0A-44AA-8AAA-777AAA111AAA}.Release|Any CPU.ActiveCfg = Release|Any CPU
		{C51A1A5B-0A0A-44AA-8AAA-777AAA111AAA}.Release|x64.ActiveCfg = Release|Any CPU
		{C51A1A5B-0A0A-44AA-8AAA-777AAA111AAA}.Release|x86.ActiveCfg = Release|Any CPU
	EndGlobalSection
	GlobalSection(SolutionProperties) = preSolution
		HideSolutionNode = FALSE
	EndGlobalSection
EndGlobal
